
Microsoft Visual Studio Solution File, Format Version 12.00
# Visual Studio Version 16
VisualStudioVersion = 16.0.30804.86
MinimumVisualStudioVersion = 10.0.40219.1
Project("{FAE04EC0-301F-11D3-BF4B-00C04F79EFBC}") = "GenshinWishCalculator", "GenshinWishCalculator\GenshinWishCalculator.csproj", "{2A76E357-7612-45D4-87DD-309D0AA4C84A}"
EndProject
Global
	GlobalSection(SolutionConfigurationPlatforms) = preSolution
		Debug|Any CPU = Debug|Any CPU
		Release|Any CPU = Release|Any CPU
	EndGlobalSection
	GlobalSection(ProjectConfigurationPlatforms) = postSolution
		{2A76E357-7612-45D4-87DD-309D0AA4C84A}.Debug|Any CPU.ActiveCfg = Debug|Any CPU
		{2A76E357-7612-45D4-87DD-309D0AA4C84A}.Debug|Any CPU.Build.0 = Debug|Any CPU
		{2A76E357-7612-45D4-87DD-309D0AA4C84A}.Release|Any CPU.ActiveCfg = Release|Any CPU
		{2A76E357-7612-45D4-87DD-309D0AA4C84A}.Release|Any CPU.Build.0 = Release|Any CPU
	EndGlobalSection
	GlobalSection(SolutionProperties) = preSolution
		HideSolutionNode = FALSE
	EndGlobalSection
	GlobalSection(ExtensibilityGlobals) = postSolution
		SolutionGuid = {C610ACA0-35CA-4C48-B101-529A29D35592}
	EndGlobalSection
EndGlobal
